// !$*UTF8*$!
{
	archiveVersion = 1;
	classes = {
	};
	objectVersion = 56;
	objects = {

/* Begin PBXBuildFile section */
		8FE249E62C65768900B23D20 /* WebViewModel.swift in Sources */ = {isa = PBXBuildFile; fileRef = 8FE249E52C65768900B23D20 /* WebViewModel.swift */; };
		8FE249E82C657C6100B23D20 /* InAppBrowserView.swift in Sources */ = {isa = PBXBuildFile; fileRef = 8FE249E72C657C6100B23D20 /* InAppBrowserView.swift */; };
		8FF3177F2C5D0C360038531F /* InAppBrowser_SwiftUIApp.swift in Sources */ = {isa = PBXBuildFile; fileRef = 8FF3177E2C5D0C360038531F /* InAppBrowser_SwiftUIApp.swift */; };
		8FF317812C5D0C360038531F /* ContentView.swift in Sources */ = {isa = PBXBuildFile; fileRef = 8FF317802C5D0C360038531F /* ContentView.swift */; };
		8FF317832C5D0C380038531F /* Assets.xcassets in Resources */ = {isa = PBXBuildFile; fileRef = 8FF317822C5D0C380038531F /* Assets.xcassets */; };
		8FF317862C5D0C380038531F /* Preview Assets.xcassets in Resources */ = {isa = PBXBuildFile; fileRef = 8FF317852C5D0C380038531F /* Preview Assets.xcassets */; };
		8FF317902C5D0C380038531F /* InAppBrowser_SwiftUITests.swift in Sources */ = {isa = PBXBuildFile; fileRef = 8FF3178F2C5D0C380038531F /* InAppBrowser_SwiftUITests.swift */; };
		8FF3179A2C5D0C380038531F /* InAppBrowser_SwiftUIUITests.swift in Sources */ = {isa = PBXBuildFile; fileRef = 8FF317992C5D0C380038531F /* InAppBrowser_SwiftUIUITests.swift */; };
		8FF3179C2C5D0C380038531F /* InAppBrowser_SwiftUIUITestsLaunchTests.swift in Sources */ = {isa = PBXBuildFile; fileRef = 8FF3179B2C5D0C380038531F /* InAppBrowser_SwiftUIUITestsLaunchTests.swift */; };
		8FF317A92C5D0C8F0038531F /* WebViewWrapper.swift in Sources */ = {isa = PBXBuildFile; fileRef = 8FF317A82C5D0C8F0038531F /* WebViewWrapper.swift */; };
/* End PBXBuildFile section */

/* Begin PBXContainerItemProxy section */
		8FF3178C2C5D0C380038531F /* PBXContainerItemProxy */ = {
			isa = PBXContainerItemProxy;
			containerPortal = 8FF317732C5D0C360038531F /* Project object */;
			proxyType = 1;
			remoteGlobalIDString = 8FF3177A2C5D0C360038531F;
			remoteInfo = "InAppBrowser-SwiftUI";
		};
		8FF317962C5D0C380038531F /* PBXContainerItemProxy */ = {
			isa = PBXContainerItemProxy;
			containerPortal = 8FF317732C5D0C360038531F /* Project object */;
			proxyType = 1;
			remoteGlobalIDString = 8FF3177A2C5D0C360038531F;
			remoteInfo = "InAppBrowser-SwiftUI";
		};
/* End PBXContainerItemProxy section */

/* Begin PBXFileReference section */
		8FE249E52C65768900B23D20 /* WebViewModel.swift */ = {isa = PBXFileReference; lastKnownFileType = sourcecode.swift; path = WebViewModel.swift; sourceTree = "<group>"; };
		8FE249E72C657C6100B23D20 /* InAppBrowserView.swift */ = {isa = PBXFileReference; lastKnownFileType = sourcecode.swift; path = InAppBrowserView.swift; sourceTree = "<group>"; };
		8FF3177B2C5D0C360038531F /* InAppBrowser-SwiftUI.app */ = {isa = PBXFileReference; explicitFileType = wrapper.application; includeInIndex = 0; path = "InAppBrowser-SwiftUI.app"; sourceTree = BUILT_PRODUCTS_DIR; };
		8FF3177E2C5D0C360038531F /* InAppBrowser_SwiftUIApp.swift */ = {isa = PBXFileReference; lastKnownFileType = sourcecode.swift; path = InAppBrowser_SwiftUIApp.swift; sourceTree = "<group>"; };
		8FF317802C5D0C360038531F /* ContentView.swift */ = {isa = PBXFileReference; lastKnownFileType = sourcecode.swift; path = ContentView.swift; sourceTree = "<group>"; };
		8FF317822C5D0C380038531F /* Assets.xcassets */ = {isa = PBXFileReference; lastKnownFileType = folder.assetcatalog; path = Assets.xcassets; sourceTree = "<group>"; };
		8FF317852C5D0C380038531F /* Preview Assets.xcassets */ = {isa = PBXFileReference; lastKnownFileType = folder.assetcatalog; path = "Preview Assets.xcassets"; sourceTree = "<group>"; };
		8FF3178B2C5D0C380038531F /* InAppBrowser-SwiftUITests.xctest */ = {isa = PBXFileReference; explicitFileType = wrapper.cfbundle; includeInIndex = 0; path = "InAppBrowser-SwiftUITests.xctest"; sourceTree = BUILT_PRODUCTS_DIR; };
		8FF3178F2C5D0C380038531F /* InAppBrowser_SwiftUITests.swift */ = {isa = PBXFileReference; lastKnownFileType = sourcecode.swift; path = InAppBrowser_SwiftUITests.swift; sourceTree = "<group>"; };
		8FF317952C5D0C380038531F /* InAppBrowser-SwiftUIUITests.xctest */ = {isa = PBXFileReference; explicitFileType = wrapper.cfbundle; includeInIndex = 0; path = "InAppBrowser-SwiftUIUITests.xctest"; sourceTree = BUILT_PRODUCTS_DIR; };
		8FF317992C5D0C380038531F /* InAppBrowser_SwiftUIUITests.swift */ = {isa = PBXFileReference; lastKnownFileType = sourcecode.swift; path = InAppBrowser_SwiftUIUITests.swift; sourceTree = "<group>"; };
		8FF3179B2C5D0C380038531F /* InAppBrowser_SwiftUIUITestsLaunchTests.swift */ = {isa = PBXFileReference; lastKnownFileType = sourcecode.swift; path = InAppBrowser_SwiftUIUITestsLaunchTests.swift; sourceTree = "<group>"; };
		8FF317A82C5D0C8F0038531F /* WebViewWrapper.swift */ = {isa = PBXFileReference; lastKnownFileType = sourcecode.swift; path = WebViewWrapper.swift; sourceTree = "<group>"; };
/* End PBXFileReference section */

/* Begin PBXFrameworksBuildPhase section */
		8FF317782C5D0C360038531F /* Frameworks */ = {
			isa = PBXFrameworksBuildPhase;
			buildActionMask = 2147483647;
			files = (
			);
			runOnlyForDeploymentPostprocessing = 0;
		};
		8FF317882C5D0C380038531F /* Frameworks */ = {
			isa = PBXFrameworksBuildPhase;
			buildActionMask = 2147483647;
			files = (
			);
			runOnlyForDeploymentPostprocessing = 0;
		};
		8FF317922C5D0C380038531F /* Frameworks */ = {
			isa = PBXFrameworksBuildPhase;
			buildActionMask = 2147483647;
			files = (
			);
			runOnlyForDeploymentPostprocessing = 0;
		};
/* End PBXFrameworksBuildPhase section */

/* Begin PBXGroup section */
		8FF317722C5D0C360038531F = {
			isa = PBXGroup;
			children = (
				8FF3177D2C5D0C360038531F /* InAppBrowser-SwiftUI */,
				8FF3178E2C5D0C380038531F /* InAppBrowser-SwiftUITests */,
				8FF317982C5D0C380038531F /* InAppBrowser-SwiftUIUITests */,
				8FF3177C2C5D0C360038531F /* Products */,
			);
			sourceTree = "<group>";
		};
		8FF3177C2C5D0C360038531F /* Products */ = {
			isa = PBXGroup;
			children = (
				8FF3177B2C5D0C360038531F /* InAppBrowser-SwiftUI.app */,
				8FF3178B2C5D0C380038531F /* InAppBrowser-SwiftUITests.xctest */,
				8FF317952C5D0C380038531F /* InAppBrowser-SwiftUIUITests.xctest */,
			);
			name = Products;
			sourceTree = "<group>";
		};
		8FF3177D2C5D0C360038531F /* InAppBrowser-SwiftUI */ = {
			isa = PBXGroup;
			children = (
				8FF3177E2C5D0C360038531F /* InAppBrowser_SwiftUIApp.swift */,
				8FF317802C5D0C360038531F /* ContentView.swift */,
				8FF317A82C5D0C8F0038531F /* WebViewWrapper.swift */,
				8FE249E52C65768900B23D20 /* WebViewModel.swift */,
				8FE249E72C657C6100B23D20 /* InAppBrowserView.swift */,
				8FF317822C5D0C380038531F /* Assets.xcassets */,
				8FF317842C5D0C380038531F /* Preview Content */,
			);
			path = "InAppBrowser-SwiftUI";
			sourceTree = "<group>";
		};
		8FF317842C5D0C380038531F /* Preview Content */ = {
			isa = PBXGroup;
			children = (
				8FF317852C5D0C380038531F /* Preview Assets.xcassets */,
			);
			path = "Preview Content";
			sourceTree = "<group>";
		};
		8FF3178E2C5D0C380038531F /* InAppBrowser-SwiftUITests */ = {
			isa = PBXGroup;
			children = (
				8FF3178F2C5D0C380038531F /* InAppBrowser_SwiftUITests.swift */,
			);
			path = "InAppBrowser-SwiftUITests";
			sourceTree = "<group>";
		};
		8FF317982C5D0C380038531F /* InAppBrowser-SwiftUIUITests */ = {
			isa = PBXGroup;
			children = (
				8FF317992C5D0C380038531F /* InAppBrowser_SwiftUIUITests.swift */,
				8FF3179B2C5D0C380038531F /* InAppBrowser_SwiftUIUITestsLaunchTests.swift */,
			);
			path = "InAppBrowser-SwiftUIUITests";
			sourceTree = "<group>";
		};
/* End PBXGroup section */

/* Begin PBXNativeTarget section */
		8FF3177A2C5D0C360038531F /* InAppBrowser-SwiftUI */ = {
			isa = PBXNativeTarget;
			buildConfigurationList = 8FF3179F2C5D0C380038531F /* Build configuration list for PBXNativeTarget "InAppBrowser-SwiftUI" */;
			buildPhases = (
				8FF317772C5D0C360038531F /* Sources */,
				8FF317782C5D0C360038531F /* Frameworks */,
				8FF317792C5D0C360038531F /* Resources */,
			);
			buildRules = (
			);
			dependencies = (
			);
			name = "InAppBrowser-SwiftUI";
			productName = "InAppBrowser-SwiftUI";
			productReference = 8FF3177B2C5D0C360038531F /* InAppBrowser-SwiftUI.app */;
			productType = "com.apple.product-type.application";
		};
		8FF3178A2C5D0C380038531F /* InAppBrowser-SwiftUITests */ = {
			isa = PBXNativeTarget;
			buildConfigurationList = 8FF317A22C5D0C380038531F /* Build configuration list for PBXNativeTarget "InAppBrowser-SwiftUITests" */;
			buildPhases = (
				8FF317872C5D0C380038531F /* Sources */,
				8FF317882C5D0C380038531F /* Frameworks */,
				8FF317892C5D0C380038531F /* Resources */,
			);
			buildRules = (
			);
			dependencies = (
				8FF3178D2C5D0C380038531F /* PBXTargetDependency */,
			);
			name = "InAppBrowser-SwiftUITests";
			productName = "InAppBrowser-SwiftUITests";
			productReference = 8FF3178B2C5D0C380038531F /* InAppBrowser-SwiftUITests.xctest */;
			productType = "com.apple.product-type.bundle.unit-test";
		};
		8FF317942C5D0C380038531F /* InAppBrowser-SwiftUIUITests */ = {
			isa = PBXNativeTarget;
			buildConfigurationList = 8FF317A52C5D0C380038531F /* Build configuration list for PBXNativeTarget "InAppBrowser-SwiftUIUITests" */;
			buildPhases = (
				8FF317912C5D0C380038531F /* Sources */,
				8FF317922C5D0C380038531F /* Frameworks */,
				8FF317932C5D0C380038531F /* Resources */,
			);
			buildRules = (
			);
			dependencies = (
				8FF317972C5D0C380038531F /* PBXTargetDependency */,
			);
			name = "InAppBrowser-SwiftUIUITests";
			productName = "InAppBrowser-SwiftUIUITests";
			productReference = 8FF317952C5D0C380038531F /* InAppBrowser-SwiftUIUITests.xctest */;
			productType = "com.apple.product-type.bundle.ui-testing";
		};
/* End PBXNativeTarget section */

/* Begin PBXProject section */
		8FF317732C5D0C360038531F /* Project object */ = {
			isa = PBXProject;
			attributes = {
				BuildIndependentTargetsInParallel = 1;
				LastSwiftUpdateCheck = 1520;
				LastUpgradeCheck = 1520;
				TargetAttributes = {
					8FF3177A2C5D0C360038531F = {
						CreatedOnToolsVersion = 15.2;
					};
					8FF3178A2C5D0C380038531F = {
						CreatedOnToolsVersion = 15.2;
						TestTargetID = 8FF3177A2C5D0C360038531F;
					};
					8FF317942C5D0C380038531F = {
						CreatedOnToolsVersion = 15.2;
						TestTargetID = 8FF3177A2C5D0C360038531F;
					};
				};
			};
			buildConfigurationList = 8FF317762C5D0C360038531F /* Build configuration list for PBXProject "InAppBrowser-SwiftUI" */;
			compatibilityVersion = "Xcode 14.0";
			developmentRegion = en;
			hasScannedForEncodings = 0;
			knownRegions = (
				en,
				Base,
			);
			mainGroup = 8FF317722C5D0C360038531F;
			productRefGroup = 8FF3177C2C5D0C360038531F /* Products */;
			projectDirPath = "";
			projectRoot = "";
			targets = (
				8FF3177A2C5D0C360038531F /* InAppBrowser-SwiftUI */,
				8FF3178A2C5D0C380038531F /* InAppBrowser-SwiftUITests */,
				8FF317942C5D0C380038531F /* InAppBrowser-SwiftUIUITests */,
			);
		};
/* End PBXProject section */

/* Begin PBXResourcesBuildPhase section */
		8FF317792C5D0C360038531F /* Resources */ = {
			isa = PBXResourcesBuildPhase;
			buildActionMask = 2147483647;
			files = (
				8FF317862C5D0C380038531F /* Preview Assets.xcassets in Resources */,
				8FF317832C5D0C380038531F /* Assets.xcassets in Resources */,
			);
			runOnlyForDeploymentPostprocessing = 0;
		};
		8FF317892C5D0C380038531F /* Resources */ = {
			isa = PBXResourcesBuildPhase;
			buildActionMask = 2147483647;
			files = (
			);
			runOnlyForDeploymentPostprocessing = 0;
		};
		8FF317932C5D0C380038531F /* Resources */ = {
			isa = PBXResourcesBuildPhase;
			buildActionMask = 2147483647;
			files = (
			);
			runOnlyForDeploymentPostprocessing = 0;
		};
/* End PBXResourcesBuildPhase section */

/* Begin PBXSourcesBuildPhase section */
		8FF317772C5D0C360038531F /* Sources */ = {
			isa = PBXSourcesBuildPhase;
			buildActionMask = 2147483647;
			files = (
				8FF317812C5D0C360038531F /* ContentView.swift in Sources */,
				8FE249E82C657C6100B23D20 /* InAppBrowserView.swift in Sources */,
				8FF3177F2C5D0C360038531F /* InAppBrowser_SwiftUIApp.swift in Sources */,
				8FF317A92C5D0C8F0038531F /* WebViewWrapper.swift in Sources */,
				8FE249E62C65768900B23D20 /* WebViewModel.swift in Sources */,
			);
			runOnlyForDeploymentPostprocessing = 0;
		};
		8FF317872C5D0C380038531F /* Sources */ = {
			isa = PBXSourcesBuildPhase;
			buildActionMask = 2147483647;
			files = (
				8FF317902C5D0C380038531F /* InAppBrowser_SwiftUITests.swift in Sources */,
			);
			runOnlyForDeploymentPostprocessing = 0;
		};
		8FF317912C5D0C380038531F /* Sources */ = {
			isa = PBXSourcesBuildPhase;
			buildActionMask = 2147483647;
			files = (
				8FF3179C2C5D0C380038531F /* InAppBrowser_SwiftUIUITestsLaunchTests.swift in Sources */,
				8FF3179A2C5D0C380038531F /* InAppBrowser_SwiftUIUITests.swift in Sources */,
			);
			runOnlyForDeploymentPostprocessing = 0;
		};
/* End PBXSourcesBuildPhase section */

/* Begin PBXTargetDependency section */
		8FF3178D2C5D0C380038531F /* PBXTargetDependency */ = {
			isa = PBXTargetDependency;
			target = 8FF3177A2C5D0C360038531F /* InAppBrowser-SwiftUI */;
			targetProxy = 8FF3178C2C5D0C380038531F /* PBXContainerItemProxy */;
		};
		8FF317972C5D0C380038531F /* PBXTargetDependency */ = {
			isa = PBXTargetDependency;
			target = 8FF3177A2C5D0C360038531F /* InAppBrowser-SwiftUI */;
			targetProxy = 8FF317962C5D0C380038531F /* PBXContainerItemProxy */;
		};
/* End PBXTargetDependency section */

/* Begin XCBuildConfiguration section */
		8FF3179D2C5D0C380038531F /* Debug */ = {
			isa = XCBuildConfiguration;
			buildSettings = {
				ALWAYS_SEARCH_USER_PATHS = NO;
				ASSETCATALOG_COMPILER_GENERATE_SWIFT_ASSET_SYMBOL_EXTENSIONS = YES;
				CLANG_ANALYZER_NONNULL = YES;
				CLANG_ANALYZER_NUMBER_OBJECT_CONVERSION = YES_AGGRESSIVE;
				CLANG_CXX_LANGUAGE_STANDARD = "gnu++20";
				CLANG_ENABLE_MODULES = YES;
				CLANG_ENABLE_OBJC_ARC = YES;
				CLANG_ENABLE_OBJC_WEAK = YES;
				CLANG_WARN_BLOCK_CAPTURE_AUTORELEASING = YES;
				CLANG_WARN_BOOL_CONVERSION = YES;
				CLANG_WARN_COMMA = YES;
				CLANG_WARN_CONSTANT_CONVERSION = YES;
				CLANG_WARN_DEPRECATED_OBJC_IMPLEMENTATIONS = YES;
				CLANG_WARN_DIRECT_OBJC_ISA_USAGE = YES_ERROR;
				CLANG_WARN_DOCUMENTATION_COMMENTS = YES;
				CLANG_WARN_EMPTY_BODY = YES;
				CLANG_WARN_ENUM_CONVERSION = YES;
				CLANG_WARN_INFINITE_RECURSION = YES;
				CLANG_WARN_INT_CONVERSION = YES;
				CLANG_WARN_NON_LITERAL_NULL_CONVERSION = YES;
				CLANG_WARN_OBJC_IMPLICIT_RETAIN_SELF = YES;
				CLANG_WARN_OBJC_LITERAL_CONVERSION = YES;
				CLANG_WARN_OBJC_ROOT_CLASS = YES_ERROR;
				CLANG_WARN_QUOTED_INCLUDE_IN_FRAMEWORK_HEADER = YES;
				CLANG_WARN_RANGE_LOOP_ANALYSIS = YES;
				CLANG_WARN_STRICT_PROTOTYPES = YES;
				CLANG_WARN_SUSPICIOUS_MOVE = YES;
				CLANG_WARN_UNGUARDED_AVAILABILITY = YES_AGGRESSIVE;
				CLANG_WARN_UNREACHABLE_CODE = YES;
				CLANG_WARN__DUPLICATE_METHOD_MATCH = YES;
				COPY_PHASE_STRIP = NO;
				DEBUG_INFORMATION_FORMAT = dwarf;
				ENABLE_STRICT_OBJC_MSGSEND = YES;
				ENABLE_TESTABILITY = YES;
				ENABLE_USER_SCRIPT_SANDBOXING = YES;
				GCC_C_LANGUAGE_STANDARD = gnu17;
				GCC_DYNAMIC_NO_PIC = NO;
				GCC_NO_COMMON_BLOCKS = YES;
				GCC_OPTIMIZATION_LEVEL = 0;
				GCC_PREPROCESSOR_DEFINITIONS = (
					"DEBUG=1",
					"$(inherited)",
				);
				GCC_WARN_64_TO_32_BIT_CONVERSION = YES;
				GCC_WARN_ABOUT_RETURN_TYPE = YES_ERROR;
				GCC_WARN_UNDECLARED_SELECTOR = YES;
				GCC_WARN_UNINITIALIZED_AUTOS = YES_AGGRESSIVE;
				GCC_WARN_UNUSED_FUNCTION = YES;
				GCC_WARN_UNUSED_VARIABLE = YES;
				IPHONEOS_DEPLOYMENT_TARGET = 17.2;
				LOCALIZATION_PREFERS_STRING_CATALOGS = YES;
				MTL_ENABLE_DEBUG_INFO = INCLUDE_SOURCE;
				MTL_FAST_MATH = YES;
				ONLY_ACTIVE_ARCH = YES;
				SDKROOT = iphoneos;
				SWIFT_ACTIVE_COMPILATION_CONDITIONS = "DEBUG $(inherited)";
				SWIFT_OPTIMIZATION_LEVEL = "-Onone";
			};
			name = Debug;
		};
		8FF3179E2C5D0C380038531F /* Release */ = {
			isa = XCBuildConfiguration;
			buildSettings = {
				ALWAYS_SEARCH_USER_PATHS = NO;
				ASSETCATALOG_COMPILER_GENERATE_SWIFT_ASSET_SYMBOL_EXTENSIONS = YES;
				CLANG_ANALYZER_NONNULL = YES;
				CLANG_ANALYZER_NUMBER_OBJECT_CONVERSION = YES_AGGRESSIVE;
				CLANG_CXX_LANGUAGE_STANDARD = "gnu++20";
				CLANG_ENABLE_MODULES = YES;
				CLANG_ENABLE_OBJC_ARC = YES;
				CLANG_ENABLE_OBJC_WEAK = YES;
				CLANG_WARN_BLOCK_CAPTURE_AUTORELEASING = YES;
				CLANG_WARN_BOOL_CONVERSION = YES;
				CLANG_WARN_COMMA = YES;
				CLANG_WARN_CONSTANT_CONVERSION = YES;
				CLANG_WARN_DEPRECATED_OBJC_IMPLEMENTATIONS = YES;
				CLANG_WARN_DIRECT_OBJC_ISA_USAGE = YES_ERROR;
				CLANG_WARN_DOCUMENTATION_COMMENTS = YES;
				CLANG_WARN_EMPTY_BODY = YES;
				CLANG_WARN_ENUM_CONVERSION = YES;
				CLANG_WARN_INFINITE_RECURSION = YES;
				CLANG_WARN_INT_CONVERSION = YES;
				CLANG_WARN_NON_LITERAL_NULL_CONVERSION = YES;
				CLANG_WARN_OBJC_IMPLICIT_RETAIN_SELF = YES;
				CLANG_WARN_OBJC_LITERAL_CONVERSION = YES;
				CLANG_WARN_OBJC_ROOT_CLASS = YES_ERROR;
				CLANG_WARN_QUOTED_INCLUDE_IN_FRAMEWORK_HEADER = YES;
				CLANG_WARN_RANGE_LOOP_ANALYSIS = YES;
				CLANG_WARN_STRICT_PROTOTYPES = YES;
				CLANG_WARN_SUSPICIOUS_MOVE = YES;
				CLANG_WARN_UNGUARDED_AVAILABILITY = YES_AGGRESSIVE;
				CLANG_WARN_UNREACHABLE_CODE = YES;
				CLANG_WARN__DUPLICATE_METHOD_MATCH = YES;
				COPY_PHASE_STRIP = NO;
				DEBUG_INFORMATION_FORMAT = "dwarf-with-dsym";
				ENABLE_NS_ASSERTIONS = NO;
				ENABLE_STRICT_OBJC_MSGSEND = YES;
				ENABLE_USER_SCRIPT_SANDBOXING = YES;
				GCC_C_LANGUAGE_STANDARD = gnu17;
				GCC_NO_COMMON_BLOCKS = YES;
				GCC_WARN_64_TO_32_BIT_CONVERSION = YES;
				GCC_WARN_ABOUT_RETURN_TYPE = YES_ERROR;
				GCC_WARN_UNDECLARED_SELECTOR = YES;
				GCC_WARN_UNINITIALIZED_AUTOS = YES_AGGRESSIVE;
				GCC_WARN_UNUSED_FUNCTION = YES;
				GCC_WARN_UNUSED_VARIABLE = YES;
				IPHONEOS_DEPLOYMENT_TARGET = 17.2;
				LOCALIZATION_PREFERS_STRING_CATALOGS = YES;
				MTL_ENABLE_DEBUG_INFO = NO;
				MTL_FAST_MATH = YES;
				SDKROOT = iphoneos;
				SWIFT_COMPILATION_MODE = wholemodule;
				VALIDATE_PRODUCT = YES;
			};
			name = Release;
		};
		8FF317A02C5D0C380038531F /* Debug */ = {
			isa = XCBuildConfiguration;
			buildSettings = {
				ASSETCATALOG_COMPILER_APPICON_NAME = AppIcon;
				ASSETCATALOG_COMPILER_GLOBAL_ACCENT_COLOR_NAME = AccentColor;
				CODE_SIGN_STYLE = Automatic;
				CURRENT_PROJECT_VERSION = 1;
				DEVELOPMENT_ASSET_PATHS = "\"InAppBrowser-SwiftUI/Preview Content\"";
				DEVELOPMENT_TEAM = 738YU2W52A;
				ENABLE_PREVIEWS = YES;
				GENERATE_INFOPLIST_FILE = YES;
				INFOPLIST_KEY_UIApplicationSceneManifest_Generation = YES;
				INFOPLIST_KEY_UIApplicationSupportsIndirectInputEvents = YES;
				INFOPLIST_KEY_UILaunchScreen_Generation = YES;
				INFOPLIST_KEY_UISupportedInterfaceOrientations_iPad = "UIInterfaceOrientationPortrait UIInterfaceOrientationPortraitUpsideDown UIInterfaceOrientationLandscapeLeft UIInterfaceOrientationLandscapeRight";
				INFOPLIST_KEY_UISupportedInterfaceOrientations_iPhone = "UIInterfaceOrientationPortrait UIInterfaceOrientationLandscapeLeft UIInterfaceOrientationLandscapeRight";
				LD_RUNPATH_SEARCH_PATHS = (
					"$(inherited)",
					"@executable_path/Frameworks",
				);
				MARKETING_VERSION = 1.0;
				PRODUCT_BUNDLE_IDENTIFIER = "com.diegodossantos.InAppBrowser-SwiftUI";
				PRODUCT_NAME = "$(TARGET_NAME)";
				SWIFT_EMIT_LOC_STRINGS = YES;
				SWIFT_VERSION = 5.0;
				TARGETED_DEVICE_FAMILY = "1,2";
			};
			name = Debug;
		};
		8FF317A12C5D0C380038531F /* Release */ = {
			isa = XCBuildConfiguration;
			buildSettings = {
				ASSETCATALOG_COMPILER_APPICON_NAME = AppIcon;
				ASSETCATALOG_COMPILER_GLOBAL_ACCENT_COLOR_NAME = AccentColor;
				CODE_SIGN_STYLE = Automatic;
				CURRENT_PROJECT_VERSION = 1;
				DEVELOPMENT_ASSET_PATHS = "\"InAppBrowser-SwiftUI/Preview Content\"";
				DEVELOPMENT_TEAM = 738YU2W52A;
				ENABLE_PREVIEWS = YES;
				GENERATE_INFOPLIST_FILE = YES;
				INFOPLIST_KEY_UIApplicationSceneManifest_Generation = YES;
				INFOPLIST_KEY_UIApplicationSupportsIndirectInputEvents = YES;
				INFOPLIST_KEY_UILaunchScreen_Generation = YES;
				INFOPLIST_KEY_UISupportedInterfaceOrientations_iPad = "UIInterfaceOrientationPortrait UIInterfaceOrientationPortraitUpsideDown UIInterfaceOrientationLandscapeLeft UIInterfaceOrientationLandscapeRight";
				INFOPLIST_KEY_UISupportedInterfaceOrientations_iPhone = "UIInterfaceOrientationPortrait UIInterfaceOrientationLandscapeLeft UIInterfaceOrientationLandscapeRight";
				LD_RUNPATH_SEARCH_PATHS = (
					"$(inherited)",
					"@executable_path/Frameworks",
				);
				MARKETING_VERSION = 1.0;
				PRODUCT_BUNDLE_IDENTIFIER = "com.diegodossantos.InAppBrowser-SwiftUI";
				PRODUCT_NAME = "$(TARGET_NAME)";
				SWIFT_EMIT_LOC_STRINGS = YES;
				SWIFT_VERSION = 5.0;
				TARGETED_DEVICE_FAMILY = "1,2";
			};
			name = Release;
		};
		8FF317A32C5D0C380038531F /* Debug */ = {
			isa = XCBuildConfiguration;
			buildSettings = {
				ALWAYS_EMBED_SWIFT_STANDARD_LIBRARIES = YES;
				BUNDLE_LOADER = "$(TEST_HOST)";
				CODE_SIGN_STYLE = Automatic;
				CURRENT_PROJECT_VERSION = 1;
				DEVELOPMENT_TEAM = 738YU2W52A;
				GENERATE_INFOPLIST_FILE = YES;
				IPHONEOS_DEPLOYMENT_TARGET = 17.2;
				MARKETING_VERSION = 1.0;
				PRODUCT_BUNDLE_IDENTIFIER = "com.diegodossantos.InAppBrowser-SwiftUITests";
				PRODUCT_NAME = "$(TARGET_NAME)";
				SWIFT_EMIT_LOC_STRINGS = NO;
				SWIFT_VERSION = 5.0;
				TARGETED_DEVICE_FAMILY = "1,2";
				TEST_HOST = "$(BUILT_PRODUCTS_DIR)/InAppBrowser-SwiftUI.app/$(BUNDLE_EXECUTABLE_FOLDER_PATH)/InAppBrowser-SwiftUI";
			};
			name = Debug;
		};
		8FF317A42C5D0C380038531F /* Release */ = {
			isa = XCBuildConfiguration;
			buildSettings = {
				ALWAYS_EMBED_SWIFT_STANDARD_LIBRARIES = YES;
				BUNDLE_LOADER = "$(TEST_HOST)";
				CODE_SIGN_STYLE = Automatic;
				CURRENT_PROJECT_VERSION = 1;
				DEVELOPMENT_TEAM = 738YU2W52A;
				GENERATE_INFOPLIST_FILE = YES;
				IPHONEOS_DEPLOYMENT_TARGET = 17.2;
				MARKETING_VERSION = 1.0;
				PRODUCT_BUNDLE_IDENTIFIER = "com.diegodossantos.InAppBrowser-SwiftUITests";
				PRODUCT_NAME = "$(TARGET_NAME)";
				SWIFT_EMIT_LOC_STRINGS = NO;
				SWIFT_VERSION = 5.0;
				TARGETED_DEVICE_FAMILY = "1,2";
				TEST_HOST = "$(BUILT_PRODUCTS_DIR)/InAppBrowser-SwiftUI.app/$(BUNDLE_EXECUTABLE_FOLDER_PATH)/InAppBrowser-SwiftUI";
			};
			name = Release;
		};
		8FF317A62C5D0C380038531F /* Debug */ = {
			isa = XCBuildConfiguration;
			buildSettings = {
				ALWAYS_EMBED_SWIFT_STANDARD_LIBRARIES = YES;
				CODE_SIGN_STYLE = Automatic;
				CURRENT_PROJECT_VERSION = 1;
				DEVELOPMENT_TEAM = 738YU2W52A;
				GENERATE_INFOPLIST_FILE = YES;
				MARKETING_VERSION = 1.0;
				PRODUCT_BUNDLE_IDENTIFIER = "com.diegodossantos.InAppBrowser-SwiftUIUITests";
				PRODUCT_NAME = "$(TARGET_NAME)";
				SWIFT_EMIT_LOC_STRINGS = NO;
				SWIFT_VERSION = 5.0;
				TARGETED_DEVICE_FAMILY = "1,2";
				TEST_TARGET_NAME = "InAppBrowser-SwiftUI";
			};
			name = Debug;
		};
		8FF317A72C5D0C380038531F /* Release */ = {
			isa = XCBuildConfiguration;
			buildSettings = {
				ALWAYS_EMBED_SWIFT_STANDARD_LIBRARIES = YES;
				CODE_SIGN_STYLE = Automatic;
				CURRENT_PROJECT_VERSION = 1;
				DEVELOPMENT_TEAM = 738YU2W52A;
				GENERATE_INFOPLIST_FILE = YES;
				MARKETING_VERSION = 1.0;
				PRODUCT_BUNDLE_IDENTIFIER = "com.diegodossantos.InAppBrowser-SwiftUIUITests";
				PRODUCT_NAME = "$(TARGET_NAME)";
				SWIFT_EMIT_LOC_STRINGS = NO;
				SWIFT_VERSION = 5.0;
				TARGETED_DEVICE_FAMILY = "1,2";
				TEST_TARGET_NAME = "InAppBrowser-SwiftUI";
			};
			name = Release;
		};
/* End XCBuildConfiguration section */

/* Begin XCConfigurationList section */
		8FF317762C5D0C360038531F /* Build configuration list for PBXProject "InAppBrowser-SwiftUI" */ = {
			isa = XCConfigurationList;
			buildConfigurations = (
				8FF3179D2C5D0C380038531F /* Debug */,
				8FF3179E2C5D0C380038531F /* Release */,
			);
			defaultConfigurationIsVisible = 0;
			defaultConfigurationName = Release;
		};
		8FF3179F2C5D0C380038531F /* Build configuration list for PBXNativeTarget "InAppBrowser-SwiftUI" */ = {
			isa = XCConfigurationList;
			buildConfigurations = (
				8FF317A02C5D0C380038531F /* Debug */,
				8FF317A12C5D0C380038531F /* Release */,
			);
			defaultConfigurationIsVisible = 0;
			defaultConfigurationName = Release;
		};
		8FF317A22C5D0C380038531F /* Build configuration list for PBXNativeTarget "InAppBrowser-SwiftUITests" */ = {
			isa = XCConfigurationList;
			buildConfigurations = (
				8FF317A32C5D0C380038531F /* Debug */,
				8FF317A42C5D0C380038531F /* Release */,
			);
			defaultConfigurationIsVisible = 0;
			defaultConfigurationName = Release;
		};
		8FF317A52C5D0C380038531F /* Build configuration list for PBXNativeTarget "InAppBrowser-SwiftUIUITests" */ = {
			isa = XCConfigurationList;
			buildConfigurations = (
				8FF317A62C5D0C380038531F /* Debug */,
				8FF317A72C5D0C380038531F /* Release */,
			);
			defaultConfigurationIsVisible = 0;
			defaultConfigurationName = Release;
		};
/* End XCConfigurationList section */
	};
	rootObject = 8FF317732C5D0C360038531F /* Project object */;
}
